
Microsoft Visual Studio Solution File, Format Version 12.00
# Visual Studio 15
VisualStudioVersion = 15.0.28307.168
MinimumVisualStudioVersion = 10.0.40219.1
Project("{FAE04EC0-301F-11D3-BF4B-00C04F79EFBC}") = "Test1", "Test1\Test1.csproj", "{F13870ED-019A-4AE3-99B0-A3A764B46092}"
EndProject
Global
	GlobalSection(SolutionConfigurationPlatforms) = preSolution
		Debug|Any CPU = Debug|Any CPU
		Release|Any CPU = Release|Any CPU
	EndGlobalSection
	GlobalSection(ProjectConfigurationPlatforms) = postSolution
		{F13870ED-019A-4AE3-99B0-A3A764B46092}.Debug|Any CPU.ActiveCfg = Debug|Any CPU
		{F13870ED-019A-4AE3-99B0-A3A764B46092}.Debug|Any CPU.Build.0 = Debug|Any CPU
		{F13870ED-019A-4AE3-99B0-A3A764B46092}.Release|Any CPU.ActiveCfg = Release|Any CPU
		{F13870ED-019A-4AE3-99B0-A3A764B46092}.Release|Any CPU.Build.0 = Release|Any CPU
	EndGlobalSection
	GlobalSection(SolutionProperties) = preSolution
		HideSolutionNode = FALSE
	EndGlobalSection
	GlobalSection(ExtensibilityGlobals) = postSolution
		SolutionGuid = {135747F0-74AB-4719-BF5C-D813529BEDB8}
	EndGlobalSection
EndGlobal
